
Microsoft Visual Studio Solution File, Format Version 12.00
# Visual Studio Version 17
VisualStudioVersion = 17.8.34322.80
MinimumVisualStudioVersion = 10.0.40219.1
Project("{9A19103F-16F7-4668-BE54-9A1E7A4F7556}") = "InfoedukaMVC", "InfoedukaMVC\InfoedukaMVC.csproj", "{DCE669B8-4A2D-4418-A29C-373DEAEB687C}"
EndProject
Project("{FAE04EC0-301F-11D3-BF4B-00C04F79EFBC}") = "InfoedukaMVCTests", "InfoedukaMVCTests\InfoedukaMVCTests.csproj", "{AEFF8174-E92C-453A-9A13-3442BCEA9E92}"
EndProject
Global
	GlobalSection(SolutionConfigurationPlatforms) = preSolution
		Debug|Any CPU = Debug|Any CPU
		Release|Any CPU = Release|Any CPU
	EndGlobalSection
	GlobalSection(ProjectConfigurationPlatforms) = postSolution
		{DCE669B8-4A2D-4418-A29C-373DEAEB687C}.Debug|Any CPU.ActiveCfg = Debug|Any CPU
		{DCE669B8-4A2D-4418-A29C-373DEAEB687C}.Debug|Any CPU.Build.0 = Debug|Any CPU
		{DCE669B8-4A2D-4418-A29C-373DEAEB687C}.Release|Any CPU.ActiveCfg = Release|Any CPU
		{DCE669B8-4A2D-4418-A29C-373DEAEB687C}.Release|Any CPU.Build.0 = Release|Any CPU
		{AEFF8174-E92C-453A-9A13-3442BCEA9E92}.Debug|Any CPU.ActiveCfg = Debug|Any CPU
		{AEFF8174-E92C-453A-9A13-3442BCEA9E92}.Debug|Any CPU.Build.0 = Debug|Any CPU
		{AEFF8174-E92C-453A-9A13-3442BCEA9E92}.Release|Any CPU.ActiveCfg = Release|Any CPU
		{AEFF8174-E92C-453A-9A13-3442BCEA9E92}.Release|Any CPU.Build.0 = Release|Any CPU
	EndGlobalSection
	GlobalSection(SolutionProperties) = preSolution
		HideSolutionNode = FALSE
	EndGlobalSection
	GlobalSection(ExtensibilityGlobals) = postSolution
		SolutionGuid = {50F05BD8-AEA8-4ED4-8854-4D20C4D95564}
	EndGlobalSection
EndGlobal
